
Microsoft Visual Studio Solution File, Format Version 12.00
# Visual Studio Version 17
VisualStudioVersion = 17.0.31903.59
MinimumVisualStudioVersion = 10.0.40219.1
Project("{2150E333-8FDC-42A3-9474-1A3956D46DE8}") = "src", "src", "{BB3B326D-937D-4D6E-A741-675EC48F31DB}"
EndProject
Project("{FAE04EC0-301F-11D3-BF4B-00C04F79EFBC}") = "Argus.Domain", "src\Argus.Domain\Argus.Domain.csproj", "{49114D75-F17D-41F7-BC92-D241E3009F24}"
EndProject
Project("{FAE04EC0-301F-11D3-BF4B-00C04F79EFBC}") = "Argus.Infrastructure", "src\Argus.Infrastructure\Argus.Infrastructure.csproj", "{91686820-7DA3-4A33-832C-5B1E5CCDB9D8}"
EndProject
Project("{FAE04EC0-301F-11D3-BF4B-00C04F79EFBC}") = "Argus.MarketDataSimulator", "src\Argus.MarketDataSimulator\Argus.MarketDataSimulator.csproj", "{C4B1329E-2D64-43AB-BACE-69183FFDDA10}"
EndProject
Project("{FAE04EC0-301F-11D3-BF4B-00C04F79EFBC}") = "Argus.TradeSimulator", "src\Argus.TradeSimulator\Argus.TradeSimulator.csproj", "{1BF21676-AED8-438B-86E6-DFDC9F646594}"
EndProject
Project("{FAE04EC0-301F-11D3-BF4B-00C04F79EFBC}") = "Argus.RiskEngine", "src\Argus.RiskEngine\Argus.RiskEngine.csproj", "{42B84CD3-B8F1-4D2D-9B85-08ADC61DB3B9}"
EndProject
Project("{2150E333-8FDC-42A3-9474-1A3956D46DE8}") = "tests", "tests", "{9AFB7992-F175-4822-8045-7F6F6F2C8467}"
EndProject
Project("{FAE04EC0-301F-11D3-BF4B-00C04F79EFBC}") = "Argus.RiskEngine.Tests", "tests\Argus.RiskEngine.Tests\Argus.RiskEngine.Tests.csproj", "{47098162-19C2-4875-AC9A-01E0C8CB5F5E}"
EndProject
Global
	GlobalSection(SolutionConfigurationPlatforms) = preSolution
		Debug|Any CPU = Debug|Any CPU
		Release|Any CPU = Release|Any CPU
	EndGlobalSection
	GlobalSection(SolutionProperties) = preSolution
		HideSolutionNode = FALSE
	EndGlobalSection
	GlobalSection(ProjectConfigurationPlatforms) = postSolution
		{49114D75-F17D-41F7-BC92-D241E3009F24}.Debug|Any CPU.ActiveCfg = Debug|Any CPU
		{49114D75-F17D-41F7-BC92-D241E3009F24}.Debug|Any CPU.Build.0 = Debug|Any CPU
		{49114D75-F17D-41F7-BC92-D241E3009F24}.Release|Any CPU.ActiveCfg = Release|Any CPU
		{49114D75-F17D-41F7-BC92-D241E3009F24}.Release|Any CPU.Build.0 = Release|Any CPU
		{91686820-7DA3-4A33-832C-5B1E5CCDB9D8}.Debug|Any CPU.ActiveCfg = Debug|Any CPU
		{91686820-7DA3-4A33-832C-5B1E5CCDB9D8}.Debug|Any CPU.Build.0 = Debug|Any CPU
		{91686820-7DA3-4A33-832C-5B1E5CCDB9D8}.Release|Any CPU.ActiveCfg = Release|Any CPU
		{91686820-7DA3-4A33-832C-5B1E5CCDB9D8}.Release|Any CPU.Build.0 = Release|Any CPU
		{C4B1329E-2D64-43AB-BACE-69183FFDDA10}.Debug|Any CPU.ActiveCfg = Debug|Any CPU
		{C4B1329E-2D64-43AB-BACE-69183FFDDA10}.Debug|Any CPU.Build.0 = Debug|Any CPU
		{C4B1329E-2D64-43AB-BACE-69183FFDDA10}.Release|Any CPU.ActiveCfg = Release|Any CPU
		{C4B1329E-2D64-43AB-BACE-69183FFDDA10}.Release|Any CPU.Build.0 = Release|Any CPU
		{1BF21676-AED8-438B-86E6-DFDC9F646594}.Debug|Any CPU.ActiveCfg = Debug|Any CPU
		{1BF21676-AED8-438B-86E6-DFDC9F646594}.Debug|Any CPU.Build.0 = Debug|Any CPU
		{1BF21676-AED8-438B-86E6-DFDC9F646594}.Release|Any CPU.ActiveCfg = Release|Any CPU
		{1BF21676-AED8-438B-86E6-DFDC9F646594}.Release|Any CPU.Build.0 = Release|Any CPU
		{42B84CD3-B8F1-4D2D-9B85-08ADC61DB3B9}.Debug|Any CPU.ActiveCfg = Debug|Any CPU
		{42B84CD3-B8F1-4D2D-9B85-08ADC61DB3B9}.Debug|Any CPU.Build.0 = Debug|Any CPU
		{42B84CD3-B8F1-4D2D-9B85-08ADC61DB3B9}.Release|Any CPU.ActiveCfg = Release|Any CPU
		{42B84CD3-B8F1-4D2D-9B85-08ADC61DB3B9}.Release|Any CPU.Build.0 = Release|Any CPU
		{47098162-19C2-4875-AC9A-01E0C8CB5F5E}.Debug|Any CPU.ActiveCfg = Debug|Any CPU
		{47098162-19C2-4875-AC9A-01E0C8CB5F5E}.Debug|Any CPU.Build.0 = Debug|Any CPU
		{47098162-19C2-4875-AC9A-01E0C8CB5F5E}.Release|Any CPU.ActiveCfg = Release|Any CPU
		{47098162-19C2-4875-AC9A-01E0C8CB5F5E}.Release|Any CPU.Build.0 = Release|Any CPU
	EndGlobalSection
	GlobalSection(NestedProjects) = preSolution
		{49114D75-F17D-41F7-BC92-D241E3009F24} = {BB3B326D-937D-4D6E-A741-675EC48F31DB}
		{91686820-7DA3-4A33-832C-5B1E5CCDB9D8} = {BB3B326D-937D-4D6E-A741-675EC48F31DB}
		{C4B1329E-2D64-43AB-BACE-69183FFDDA10} = {BB3B326D-937D-4D6E-A741-675EC48F31DB}
		{1BF21676-AED8-438B-86E6-DFDC9F646594} = {BB3B326D-937D-4D6E-A741-675EC48F31DB}
		{42B84CD3-B8F1-4D2D-9B85-08ADC61DB3B9} = {BB3B326D-937D-4D6E-A741-675EC48F31DB}
		{47098162-19C2-4875-AC9A-01E0C8CB5F5E} = {9AFB7992-F175-4822-8045-7F6F6F2C8467}
	EndGlobalSection
EndGlobal
